
Microsoft Visual Studio Solution File, Format Version 12.00
# Visual Studio Version 17
VisualStudioVersion = 17.3.32929.385
MinimumVisualStudioVersion = 10.0.40219.1
Project("{FAE04EC0-301F-11D3-BF4B-00C04F79EFBC}") = "x64AccordTestApp", "x64AccordTestApp.csproj", "{2790F50F-515C-4794-87B6-CCA0E7746E91}"
EndProject
Project("{FAE04EC0-301F-11D3-BF4B-00C04F79EFBC}") = "DeblurImage", "..\DeblurImage\DeblurImage.csproj", "{FC885FFA-73F9-4828-BB94-FC0DB9CCD1DB}"
EndProject
Global
	GlobalSection(SolutionConfigurationPlatforms) = preSolution
		Debug|Any CPU = Debug|Any CPU
		Debug|x64 = Debug|x64
		Release|Any CPU = Release|Any CPU
		Release|x64 = Release|x64
	EndGlobalSection
	GlobalSection(ProjectConfigurationPlatforms) = postSolution
		{2790F50F-515C-4794-87B6-CCA0E7746E91}.Debug|Any CPU.ActiveCfg = Debug|Any CPU
		{2790F50F-515C-4794-87B6-CCA0E7746E91}.Debug|Any CPU.Build.0 = Debug|Any CPU
		{2790F50F-515C-4794-87B6-CCA0E7746E91}.Debug|x64.ActiveCfg = Debug|x64
		{2790F50F-515C-4794-87B6-CCA0E7746E91}.Debug|x64.Build.0 = Debug|x64
		{2790F50F-515C-4794-87B6-CCA0E7746E91}.Release|Any CPU.ActiveCfg = Release|Any CPU
		{2790F50F-515C-4794-87B6-CCA0E7746E91}.Release|Any CPU.Build.0 = Release|Any CPU
		{2790F50F-515C-4794-87B6-CCA0E7746E91}.Release|x64.ActiveCfg = Release|x64
		{2790F50F-515C-4794-87B6-CCA0E7746E91}.Release|x64.Build.0 = Release|x64
		{FC885FFA-73F9-4828-BB94-FC0DB9CCD1DB}.Debug|Any CPU.ActiveCfg = Debug|Any CPU
		{FC885FFA-73F9-4828-BB94-FC0DB9CCD1DB}.Debug|Any CPU.Build.0 = Debug|Any CPU
		{FC885FFA-73F9-4828-BB94-FC0DB9CCD1DB}.Debug|x64.ActiveCfg = Debug|Any CPU
		{FC885FFA-73F9-4828-BB94-FC0DB9CCD1DB}.Debug|x64.Build.0 = Debug|Any CPU
		{FC885FFA-73F9-4828-BB94-FC0DB9CCD1DB}.Release|Any CPU.ActiveCfg = Release|Any CPU
		{FC885FFA-73F9-4828-BB94-FC0DB9CCD1DB}.Release|Any CPU.Build.0 = Release|Any CPU
		{FC885FFA-73F9-4828-BB94-FC0DB9CCD1DB}.Release|x64.ActiveCfg = Release|Any CPU
		{FC885FFA-73F9-4828-BB94-FC0DB9CCD1DB}.Release|x64.Build.0 = Release|Any CPU
	EndGlobalSection
	GlobalSection(SolutionProperties) = preSolution
		HideSolutionNode = FALSE
	EndGlobalSection
	GlobalSection(ExtensibilityGlobals) = postSolution
		SolutionGuid = {BCA153C2-4F15-437B-B2FC-4C1D38DED045}
	EndGlobalSection
EndGlobal
